
Microsoft Visual Studio Solution File, Format Version 12.00
# Visual Studio Version 17
VisualStudioVersion = 17.6.33829.357
MinimumVisualStudioVersion = 10.0.40219.1
Project("{9A19103F-16F7-4668-BE54-9A1E7A4F7556}") = "InsuranceCompany", "InsuranceCompany\InsuranceCompany.csproj", "{C147D3CA-3B91-4A10-B57E-0E055FAD1AD8}"
EndProject
Project("{9A19103F-16F7-4668-BE54-9A1E7A4F7556}") = "Diagarama", "Diagarama\Diagarama.csproj", "{7CF30369-D263-4D0E-B14E-20440A67441E}"
EndProject
Project("{9A19103F-16F7-4668-BE54-9A1E7A4F7556}") = "Models", "Models\Models.csproj", "{ED04D3DE-5999-4398-A99E-7F5B1AC28841}"
EndProject
Project("{9A19103F-16F7-4668-BE54-9A1E7A4F7556}") = "Repository", "Repository\Repository.csproj", "{A3F44EDD-D73B-46BD-B85A-BCAC193A3BF5}"
EndProject
Project("{9A19103F-16F7-4668-BE54-9A1E7A4F7556}") = "Service", "Service\Service.csproj", "{32CC2425-C911-4CD2-921E-A7B62F9F3AEF}"
EndProject
Global
	GlobalSection(SolutionConfigurationPlatforms) = preSolution
		Debug|Any CPU = Debug|Any CPU
		Release|Any CPU = Release|Any CPU
	EndGlobalSection
	GlobalSection(ProjectConfigurationPlatforms) = postSolution
		{C147D3CA-3B91-4A10-B57E-0E055FAD1AD8}.Debug|Any CPU.ActiveCfg = Debug|Any CPU
		{C147D3CA-3B91-4A10-B57E-0E055FAD1AD8}.Debug|Any CPU.Build.0 = Debug|Any CPU
		{C147D3CA-3B91-4A10-B57E-0E055FAD1AD8}.Release|Any CPU.ActiveCfg = Release|Any CPU
		{C147D3CA-3B91-4A10-B57E-0E055FAD1AD8}.Release|Any CPU.Build.0 = Release|Any CPU
		{7CF30369-D263-4D0E-B14E-20440A67441E}.Debug|Any CPU.ActiveCfg = Debug|Any CPU
		{7CF30369-D263-4D0E-B14E-20440A67441E}.Debug|Any CPU.Build.0 = Debug|Any CPU
		{7CF30369-D263-4D0E-B14E-20440A67441E}.Release|Any CPU.ActiveCfg = Release|Any CPU
		{7CF30369-D263-4D0E-B14E-20440A67441E}.Release|Any CPU.Build.0 = Release|Any CPU
		{ED04D3DE-5999-4398-A99E-7F5B1AC28841}.Debug|Any CPU.ActiveCfg = Debug|Any CPU
		{ED04D3DE-5999-4398-A99E-7F5B1AC28841}.Debug|Any CPU.Build.0 = Debug|Any CPU
		{ED04D3DE-5999-4398-A99E-7F5B1AC28841}.Release|Any CPU.ActiveCfg = Release|Any CPU
		{ED04D3DE-5999-4398-A99E-7F5B1AC28841}.Release|Any CPU.Build.0 = Release|Any CPU
		{A3F44EDD-D73B-46BD-B85A-BCAC193A3BF5}.Debug|Any CPU.ActiveCfg = Debug|Any CPU
		{A3F44EDD-D73B-46BD-B85A-BCAC193A3BF5}.Debug|Any CPU.Build.0 = Debug|Any CPU
		{A3F44EDD-D73B-46BD-B85A-BCAC193A3BF5}.Release|Any CPU.ActiveCfg = Release|Any CPU
		{A3F44EDD-D73B-46BD-B85A-BCAC193A3BF5}.Release|Any CPU.Build.0 = Release|Any CPU
		{32CC2425-C911-4CD2-921E-A7B62F9F3AEF}.Debug|Any CPU.ActiveCfg = Debug|Any CPU
		{32CC2425-C911-4CD2-921E-A7B62F9F3AEF}.Debug|Any CPU.Build.0 = Debug|Any CPU
		{32CC2425-C911-4CD2-921E-A7B62F9F3AEF}.Release|Any CPU.ActiveCfg = Release|Any CPU
		{32CC2425-C911-4CD2-921E-A7B62F9F3AEF}.Release|Any CPU.Build.0 = Release|Any CPU
	EndGlobalSection
	GlobalSection(SolutionProperties) = preSolution
		HideSolutionNode = FALSE
	EndGlobalSection
	GlobalSection(ExtensibilityGlobals) = postSolution
		SolutionGuid = {432A66EC-7649-49C0-855A-0BED634377B7}
	EndGlobalSection
EndGlobal
